// !$*UTF8*$!
{
	archiveVersion = 1;
	classes = {
	};
	objectVersion = 46;
	objects = {

/* Begin PBXBuildFile section */
		500AEA1D1C68064600E98F03 /* deck.swift in Sources */ = {isa = PBXBuildFile; fileRef = 500AEA1C1C68064600E98F03 /* deck.swift */; };
		500AEA201C73E7BE00E98F03 /* game.swift in Sources */ = {isa = PBXBuildFile; fileRef = 500AEA1F1C73E7BE00E98F03 /* game.swift */; };
		509ECA501C61C1D600E1161E /* AppDelegate.swift in Sources */ = {isa = PBXBuildFile; fileRef = 509ECA4F1C61C1D600E1161E /* AppDelegate.swift */; };
		509ECA521C61C1D600E1161E /* GameScene.sks in Resources */ = {isa = PBXBuildFile; fileRef = 509ECA511C61C1D600E1161E /* GameScene.sks */; };
		509ECA541C61C1D600E1161E /* GameScene.swift in Sources */ = {isa = PBXBuildFile; fileRef = 509ECA531C61C1D600E1161E /* GameScene.swift */; };
		509ECA561C61C1D600E1161E /* GameViewController.swift in Sources */ = {isa = PBXBuildFile; fileRef = 509ECA551C61C1D600E1161E /* GameViewController.swift */; };
		509ECA591C61C1D600E1161E /* Main.storyboard in Resources */ = {isa = PBXBuildFile; fileRef = 509ECA571C61C1D600E1161E /* Main.storyboard */; };
		509ECA5B1C61C1D600E1161E /* Assets.xcassets in Resources */ = {isa = PBXBuildFile; fileRef = 509ECA5A1C61C1D600E1161E /* Assets.xcassets */; };
		509ECA5E1C61C1D600E1161E /* LaunchScreen.storyboard in Resources */ = {isa = PBXBuildFile; fileRef = 509ECA5C1C61C1D600E1161E /* LaunchScreen.storyboard */; };
		509ECA691C61C1D600E1161E /* Dos_UnoTests.swift in Sources */ = {isa = PBXBuildFile; fileRef = 509ECA681C61C1D600E1161E /* Dos_UnoTests.swift */; };
/* End PBXBuildFile section */

/* Begin PBXContainerItemProxy section */
		509ECA651C61C1D600E1161E /* PBXContainerItemProxy */ = {
			isa = PBXContainerItemProxy;
			containerPortal = 509ECA441C61C1D600E1161E /* Project object */;
			proxyType = 1;
			remoteGlobalIDString = 509ECA4B1C61C1D600E1161E;
			remoteInfo = "Dos Uno";
		};
/* End PBXContainerItemProxy section */

/* Begin PBXFileReference section */
		500AEA1C1C68064600E98F03 /* deck.swift */ = {isa = PBXFileReference; fileEncoding = 4; lastKnownFileType = sourcecode.swift; path = deck.swift; sourceTree = "<group>"; };
		500AEA1F1C73E7BE00E98F03 /* game.swift */ = {isa = PBXFileReference; fileEncoding = 4; lastKnownFileType = sourcecode.swift; path = game.swift; sourceTree = "<group>"; };
		509ECA4C1C61C1D600E1161E /* Dos Uno.app */ = {isa = PBXFileReference; explicitFileType = wrapper.application; includeInIndex = 0; path = "Dos Uno.app"; sourceTree = BUILT_PRODUCTS_DIR; };
		509ECA4F1C61C1D600E1161E /* AppDelegate.swift */ = {isa = PBXFileReference; lastKnownFileType = sourcecode.swift; path = AppDelegate.swift; sourceTree = "<group>"; };
		509ECA511C61C1D600E1161E /* GameScene.sks */ = {isa = PBXFileReference; lastKnownFileType = file.sks; path = GameScene.sks; sourceTree = "<group>"; };
		509ECA531C61C1D600E1161E /* GameScene.swift */ = {isa = PBXFileReference; lastKnownFileType = sourcecode.swift; path = GameScene.swift; sourceTree = "<group>"; };
		509ECA551C61C1D600E1161E /* GameViewController.swift */ = {isa = PBXFileReference; lastKnownFileType = sourcecode.swift; path = GameViewController.swift; sourceTree = "<group>"; };
		509ECA581C61C1D600E1161E /* Base */ = {isa = PBXFileReference; lastKnownFileType = file.storyboard; name = Base; path = Base.lproj/Main.storyboard; sourceTree = "<group>"; };
		509ECA5A1C61C1D600E1161E /* Assets.xcassets */ = {isa = PBXFileReference; lastKnownFileType = folder.assetcatalog; path = Assets.xcassets; sourceTree = "<group>"; };
		509ECA5D1C61C1D600E1161E /* Base */ = {isa = PBXFileReference; lastKnownFileType = file.storyboard; name = Base; path = Base.lproj/LaunchScreen.storyboard; sourceTree = "<group>"; };
		509ECA5F1C61C1D600E1161E /* Info.plist */ = {isa = PBXFileReference; lastKnownFileType = text.plist.xml; path = Info.plist; sourceTree = "<group>"; };
		509ECA641C61C1D600E1161E /* Dos UnoTests.xctest */ = {isa = PBXFileReference; explicitFileType = wrapper.cfbundle; includeInIndex = 0; path = "Dos UnoTests.xctest"; sourceTree = BUILT_PRODUCTS_DIR; };
		509ECA681C61C1D600E1161E /* Dos_UnoTests.swift */ = {isa = PBXFileReference; lastKnownFileType = sourcecode.swift; path = Dos_UnoTests.swift; sourceTree = "<group>"; };
		509ECA6A1C61C1D600E1161E /* Info.plist */ = {isa = PBXFileReference; lastKnownFileType = text.plist.xml; path = Info.plist; sourceTree = "<group>"; };
/* End PBXFileReference section */

/* Begin PBXFrameworksBuildPhase section */
		509ECA491C61C1D600E1161E /* Frameworks */ = {
			isa = PBXFrameworksBuildPhase;
			buildActionMask = 2147483647;
			files = (
			);
			runOnlyForDeploymentPostprocessing = 0;
		};
		509ECA611C61C1D600E1161E /* Frameworks */ = {
			isa = PBXFrameworksBuildPhase;
			buildActionMask = 2147483647;
			files = (
			);
			runOnlyForDeploymentPostprocessing = 0;
		};
/* End PBXFrameworksBuildPhase section */

/* Begin PBXGroup section */
		500AEA1B1C68062000E98F03 /* Model */ = {
			isa = PBXGroup;
			children = (
				500AEA1C1C68064600E98F03 /* deck.swift */,
				500AEA1F1C73E7BE00E98F03 /* game.swift */,
			);
			name = Model;
			sourceTree = "<group>";
		};
		509ECA431C61C1D600E1161E = {
			isa = PBXGroup;
			children = (
				509ECA4E1C61C1D600E1161E /* Dos Uno */,
				509ECA671C61C1D600E1161E /* Dos UnoTests */,
				509ECA4D1C61C1D600E1161E /* Products */,
			);
			sourceTree = "<group>";
		};
		509ECA4D1C61C1D600E1161E /* Products */ = {
			isa = PBXGroup;
			children = (
				509ECA4C1C61C1D600E1161E /* Dos Uno.app */,
				509ECA641C61C1D600E1161E /* Dos UnoTests.xctest */,
			);
			name = Products;
			sourceTree = "<group>";
		};
		509ECA4E1C61C1D600E1161E /* Dos Uno */ = {
			isa = PBXGroup;
			children = (
				500AEA1B1C68062000E98F03 /* Model */,
				509ECA4F1C61C1D600E1161E /* AppDelegate.swift */,
				509ECA511C61C1D600E1161E /* GameScene.sks */,
				509ECA531C61C1D600E1161E /* GameScene.swift */,
				509ECA551C61C1D600E1161E /* GameViewController.swift */,
				509ECA571C61C1D600E1161E /* Main.storyboard */,
				509ECA5A1C61C1D600E1161E /* Assets.xcassets */,
				509ECA5C1C61C1D600E1161E /* LaunchScreen.storyboard */,
				509ECA5F1C61C1D600E1161E /* Info.plist */,
			);
			path = "Dos Uno";
			sourceTree = "<group>";
		};
		509ECA671C61C1D600E1161E /* Dos UnoTests */ = {
			isa = PBXGroup;
			children = (
				509ECA681C61C1D600E1161E /* Dos_UnoTests.swift */,
				509ECA6A1C61C1D600E1161E /* Info.plist */,
			);
			path = "Dos UnoTests";
			sourceTree = "<group>";
		};
/* End PBXGroup section */

/* Begin PBXNativeTarget section */
		509ECA4B1C61C1D600E1161E /* Dos Uno */ = {
			isa = PBXNativeTarget;
			buildConfigurationList = 509ECA6D1C61C1D600E1161E /* Build configuration list for PBXNativeTarget "Dos Uno" */;
			buildPhases = (
				509ECA481C61C1D600E1161E /* Sources */,
				509ECA491C61C1D600E1161E /* Frameworks */,
				509ECA4A1C61C1D600E1161E /* Resources */,
			);
			buildRules = (
			);
			dependencies = (
			);
			name = "Dos Uno";
			productName = "Dos Uno";
			productReference = 509ECA4C1C61C1D600E1161E /* Dos Uno.app */;
			productType = "com.apple.product-type.application";
		};
		509ECA631C61C1D600E1161E /* Dos UnoTests */ = {
			isa = PBXNativeTarget;
			buildConfigurationList = 509ECA701C61C1D600E1161E /* Build configuration list for PBXNativeTarget "Dos UnoTests" */;
			buildPhases = (
				509ECA601C61C1D600E1161E /* Sources */,
				509ECA611C61C1D600E1161E /* Frameworks */,
				509ECA621C61C1D600E1161E /* Resources */,
			);
			buildRules = (
			);
			dependencies = (
				509ECA661C61C1D600E1161E /* PBXTargetDependency */,
			);
			name = "Dos UnoTests";
			productName = "Dos UnoTests";
			productReference = 509ECA641C61C1D600E1161E /* Dos UnoTests.xctest */;
			productType = "com.apple.product-type.bundle.unit-test";
		};
/* End PBXNativeTarget section */

/* Begin PBXProject section */
		509ECA441C61C1D600E1161E /* Project object */ = {
			isa = PBXProject;
			attributes = {
				LastSwiftUpdateCheck = 0720;
				LastUpgradeCheck = 0720;
				ORGANIZATIONNAME = Purplellamas;
				TargetAttributes = {
					509ECA4B1C61C1D600E1161E = {
						CreatedOnToolsVersion = 7.2;
					};
					509ECA631C61C1D600E1161E = {
						CreatedOnToolsVersion = 7.2;
						TestTargetID = 509ECA4B1C61C1D600E1161E;
					};
				};
			};
			buildConfigurationList = 509ECA471C61C1D600E1161E /* Build configuration list for PBXProject "Dos Uno" */;
			compatibilityVersion = "Xcode 3.2";
			developmentRegion = English;
			hasScannedForEncodings = 0;
			knownRegions = (
				en,
				Base,
			);
			mainGroup = 509ECA431C61C1D600E1161E;
			productRefGroup = 509ECA4D1C61C1D600E1161E /* Products */;
			projectDirPath = "";
			projectRoot = "";
			targets = (
				509ECA4B1C61C1D600E1161E /* Dos Uno */,
				509ECA631C61C1D600E1161E /* Dos UnoTests */,
			);
		};
/* End PBXProject section */

/* Begin PBXResourcesBuildPhase section */
		509ECA4A1C61C1D600E1161E /* Resources */ = {
			isa = PBXResourcesBuildPhase;
			buildActionMask = 2147483647;
			files = (
				509ECA521C61C1D600E1161E /* GameScene.sks in Resources */,
				509ECA5E1C61C1D600E1161E /* LaunchScreen.storyboard in Resources */,
				509ECA5B1C61C1D600E1161E /* Assets.xcassets in Resources */,
				509ECA591C61C1D600E1161E /* Main.storyboard in Resources */,
			);
			runOnlyForDeploymentPostprocessing = 0;
		};
		509ECA621C61C1D600E1161E /* Resources */ = {
			isa = PBXResourcesBuildPhase;
			buildActionMask = 2147483647;
			files = (
			);
			runOnlyForDeploymentPostprocessing = 0;
		};
/* End PBXResourcesBuildPhase section */

/* Begin PBXSourcesBuildPhase section */
		509ECA481C61C1D600E1161E /* Sources */ = {
			isa = PBXSourcesBuildPhase;
			buildActionMask = 2147483647;
			files = (
				500AEA1D1C68064600E98F03 /* deck.swift in Sources */,
				509ECA541C61C1D600E1161E /* GameScene.swift in Sources */,
				500AEA201C73E7BE00E98F03 /* game.swift in Sources */,
				509ECA561C61C1D600E1161E /* GameViewController.swift in Sources */,
				509ECA501C61C1D600E1161E /* AppDelegate.swift in Sources */,
			);
			runOnlyForDeploymentPostprocessing = 0;
		};
		509ECA601C61C1D600E1161E /* Sources */ = {
			isa = PBXSourcesBuildPhase;
			buildActionMask = 2147483647;
			files = (
				509ECA691C61C1D600E1161E /* Dos_UnoTests.swift in Sources */,
			);
			runOnlyForDeploymentPostprocessing = 0;
		};
/* End PBXSourcesBuildPhase section */

/* Begin PBXTargetDependency section */
		509ECA661C61C1D600E1161E /* PBXTargetDependency */ = {
			isa = PBXTargetDependency;
			target = 509ECA4B1C61C1D600E1161E /* Dos Uno */;
			targetProxy = 509ECA651C61C1D600E1161E /* PBXContainerItemProxy */;
		};
/* End PBXTargetDependency section */

/* Begin PBXVariantGroup section */
		509ECA571C61C1D600E1161E /* Main.storyboard */ = {
			isa = PBXVariantGroup;
			children = (
				509ECA581C61C1D600E1161E /* Base */,
			);
			name = Main.storyboard;
			sourceTree = "<group>";
		};
		509ECA5C1C61C1D600E1161E /* LaunchScreen.storyboard */ = {
			isa = PBXVariantGroup;
			children = (
				509ECA5D1C61C1D600E1161E /* Base */,
			);
			name = LaunchScreen.storyboard;
			sourceTree = "<group>";
		};
/* End PBXVariantGroup section */

/* Begin XCBuildConfiguration section */
		509ECA6B1C61C1D600E1161E /* Debug */ = {
			isa = XCBuildConfiguration;
			buildSettings = {
				ALWAYS_SEARCH_USER_PATHS = NO;
				CLANG_CXX_LANGUAGE_STANDARD = "gnu++0x";
				CLANG_CXX_LIBRARY = "libc++";
				CLANG_ENABLE_MODULES = YES;
				CLANG_ENABLE_OBJC_ARC = YES;
				CLANG_WARN_BOOL_CONVERSION = YES;
				CLANG_WARN_CONSTANT_CONVERSION = YES;
				CLANG_WARN_DIRECT_OBJC_ISA_USAGE = YES_ERROR;
				CLANG_WARN_EMPTY_BODY = YES;
				CLANG_WARN_ENUM_CONVERSION = YES;
				CLANG_WARN_INT_CONVERSION = YES;
				CLANG_WARN_OBJC_ROOT_CLASS = YES_ERROR;
				CLANG_WARN_UNREACHABLE_CODE = YES;
				CLANG_WARN__DUPLICATE_METHOD_MATCH = YES;
				"CODE_SIGN_IDENTITY[sdk=iphoneos*]" = "iPhone Developer";
				COPY_PHASE_STRIP = NO;
				DEBUG_INFORMATION_FORMAT = "dwarf-with-dsym";
				ENABLE_STRICT_OBJC_MSGSEND = YES;
				ENABLE_TESTABILITY = YES;
				GCC_C_LANGUAGE_STANDARD = gnu99;
				GCC_DYNAMIC_NO_PIC = NO;
				GCC_NO_COMMON_BLOCKS = YES;
				GCC_OPTIMIZATION_LEVEL = 0;
				GCC_PREPROCESSOR_DEFINITIONS = (
					"DEBUG=1",
					"$(inherited)",
				);
				GCC_WARN_64_TO_32_BIT_CONVERSION = YES;
				GCC_WARN_ABOUT_RETURN_TYPE = YES_ERROR;
				GCC_WARN_UNDECLARED_SELECTOR = YES;
				GCC_WARN_UNINITIALIZED_AUTOS = YES_AGGRESSIVE;
				GCC_WARN_UNUSED_FUNCTION = YES;
				GCC_WARN_UNUSED_VARIABLE = YES;
				IPHONEOS_DEPLOYMENT_TARGET = 9.2;
				MTL_ENABLE_DEBUG_INFO = YES;
				ONLY_ACTIVE_ARCH = YES;
				SDKROOT = iphoneos;
				SWIFT_OPTIMIZATION_LEVEL = "-Onone";
				TARGETED_DEVICE_FAMILY = "1,2";
			};
			name = Debug;
		};
		509ECA6C1C61C1D600E1161E /* Release */ = {
			isa = XCBuildConfiguration;
			buildSettings = {
				ALWAYS_SEARCH_USER_PATHS = NO;
				CLANG_CXX_LANGUAGE_STANDARD = "gnu++0x";
				CLANG_CXX_LIBRARY = "libc++";
				CLANG_ENABLE_MODULES = YES;
				CLANG_ENABLE_OBJC_ARC = YES;
				CLANG_WARN_BOOL_CONVERSION = YES;
				CLANG_WARN_CONSTANT_CONVERSION = YES;
				CLANG_WARN_DIRECT_OBJC_ISA_USAGE = YES_ERROR;
				CLANG_WARN_EMPTY_BODY = YES;
				CLANG_WARN_ENUM_CONVERSION = YES;
				CLANG_WARN_INT_CONVERSION = YES;
				CLANG_WARN_OBJC_ROOT_CLASS = YES_ERROR;
				CLANG_WARN_UNREACHABLE_CODE = YES;
				CLANG_WARN__DUPLICATE_METHOD_MATCH = YES;
				"CODE_SIGN_IDENTITY[sdk=iphoneos*]" = "iPhone Developer";
				COPY_PHASE_STRIP = NO;
				DEBUG_INFORMATION_FORMAT = "dwarf-with-dsym";
				ENABLE_NS_ASSERTIONS = NO;
				ENABLE_STRICT_OBJC_MSGSEND = YES;
				GCC_C_LANGUAGE_STANDARD = gnu99;
				GCC_NO_COMMON_BLOCKS = YES;
				GCC_WARN_64_TO_32_BIT_CONVERSION = YES;
				GCC_WARN_ABOUT_RETURN_TYPE = YES_ERROR;
				GCC_WARN_UNDECLARED_SELECTOR = YES;
				GCC_WARN_UNINITIALIZED_AUTOS = YES_AGGRESSIVE;
				GCC_WARN_UNUSED_FUNCTION = YES;
				GCC_WARN_UNUSED_VARIABLE = YES;
				IPHONEOS_DEPLOYMENT_TARGET = 9.2;
				MTL_ENABLE_DEBUG_INFO = NO;
				SDKROOT = iphoneos;
				TARGETED_DEVICE_FAMILY = "1,2";
				VALIDATE_PRODUCT = YES;
			};
			name = Release;
		};
		509ECA6E1C61C1D600E1161E /* Debug */ = {
			isa = XCBuildConfiguration;
			buildSettings = {
				ASSETCATALOG_COMPILER_APPICON_NAME = AppIcon;
				INFOPLIST_FILE = "Dos Uno/Info.plist";
				LD_RUNPATH_SEARCH_PATHS = "$(inherited) @executable_path/Frameworks";
				PRODUCT_BUNDLE_IDENTIFIER = "com.purplellamas.Dos-Uno";
				PRODUCT_NAME = "$(TARGET_NAME)";
			};
			name = Debug;
		};
		509ECA6F1C61C1D600E1161E /* Release */ = {
			isa = XCBuildConfiguration;
			buildSettings = {
				ASSETCATALOG_COMPILER_APPICON_NAME = AppIcon;
				INFOPLIST_FILE = "Dos Uno/Info.plist";
				LD_RUNPATH_SEARCH_PATHS = "$(inherited) @executable_path/Frameworks";
				PRODUCT_BUNDLE_IDENTIFIER = "com.purplellamas.Dos-Uno";
				PRODUCT_NAME = "$(TARGET_NAME)";
			};
			name = Release;
		};
		509ECA711C61C1D600E1161E /* Debug */ = {
			isa = XCBuildConfiguration;
			buildSettings = {
				BUNDLE_LOADER = "$(TEST_HOST)";
				DEBUG_INFORMATION_FORMAT = dwarf;
				INFOPLIST_FILE = "Dos UnoTests/Info.plist";
				LD_RUNPATH_SEARCH_PATHS = "$(inherited) @executable_path/Frameworks @loader_path/Frameworks";
				PRODUCT_BUNDLE_IDENTIFIER = "com.purplellamas.Dos-UnoTests";
				PRODUCT_NAME = "$(TARGET_NAME)";
				TEST_HOST = "$(BUILT_PRODUCTS_DIR)/Dos Uno.app/Dos Uno";
			};
			name = Debug;
		};
		509ECA721C61C1D600E1161E /* Release */ = {
			isa = XCBuildConfiguration;
			buildSettings = {
				BUNDLE_LOADER = "$(TEST_HOST)";
				INFOPLIST_FILE = "Dos UnoTests/Info.plist";
				LD_RUNPATH_SEARCH_PATHS = "$(inherited) @executable_path/Frameworks @loader_path/Frameworks";
				PRODUCT_BUNDLE_IDENTIFIER = "com.purplellamas.Dos-UnoTests";
				PRODUCT_NAME = "$(TARGET_NAME)";
				TEST_HOST = "$(BUILT_PRODUCTS_DIR)/Dos Uno.app/Dos Uno";
			};
			name = Release;
		};
/* End XCBuildConfiguration section */

/* Begin XCConfigurationList section */
		509ECA471C61C1D600E1161E /* Build configuration list for PBXProject "Dos Uno" */ = {
			isa = XCConfigurationList;
			buildConfigurations = (
				509ECA6B1C61C1D600E1161E /* Debug */,
				509ECA6C1C61C1D600E1161E /* Release */,
			);
			defaultConfigurationIsVisible = 0;
			defaultConfigurationName = Release;
		};
		509ECA6D1C61C1D600E1161E /* Build configuration list for PBXNativeTarget "Dos Uno" */ = {
			isa = XCConfigurationList;
			buildConfigurations = (
				509ECA6E1C61C1D600E1161E /* Debug */,
				509ECA6F1C61C1D600E1161E /* Release */,
			);
			defaultConfigurationIsVisible = 0;
			defaultConfigurationName = Release;
		};
		509ECA701C61C1D600E1161E /* Build configuration list for PBXNativeTarget "Dos UnoTests" */ = {
			isa = XCConfigurationList;
			buildConfigurations = (
				509ECA711C61C1D600E1161E /* Debug */,
				509ECA721C61C1D600E1161E /* Release */,
			);
			defaultConfigurationIsVisible = 0;
			defaultConfigurationName = Release;
		};
/* End XCConfigurationList section */
	};
	rootObject = 509ECA441C61C1D600E1161E /* Project object */;
}
